// !$*UTF8*$!
{
	archiveVersion = 1;
	classes = {
	};
	objectVersion = 56;
	objects = {

/* Begin PBXBuildFile section */
		3E1CDBEC29ACA947002731AF /* GoogleService-Info.plist in Resources */ = {isa = PBXBuildFile; fileRef = 3E1CDBEB29ACA947002731AF /* GoogleService-Info.plist */; };
		3E2CC43729A77E40005EB312 /* AppDelegate.swift in Sources */ = {isa = PBXBuildFile; fileRef = 3E2CC43629A77E40005EB312 /* AppDelegate.swift */; };
		3E2CC43929A77E40005EB312 /* SceneDelegate.swift in Sources */ = {isa = PBXBuildFile; fileRef = 3E2CC43829A77E40005EB312 /* SceneDelegate.swift */; };
		3E2CC43B29A77E40005EB312 /* ViewController.swift in Sources */ = {isa = PBXBuildFile; fileRef = 3E2CC43A29A77E40005EB312 /* ViewController.swift */; };
		3E2CC43E29A77E40005EB312 /* Main.storyboard in Resources */ = {isa = PBXBuildFile; fileRef = 3E2CC43C29A77E40005EB312 /* Main.storyboard */; };
		3E2CC44029A77E42005EB312 /* Assets.xcassets in Resources */ = {isa = PBXBuildFile; fileRef = 3E2CC43F29A77E42005EB312 /* Assets.xcassets */; };
		3E2CC44329A77E42005EB312 /* LaunchScreen.storyboard in Resources */ = {isa = PBXBuildFile; fileRef = 3E2CC44129A77E42005EB312 /* LaunchScreen.storyboard */; };
		3E2CC44B29A77EF3005EB312 /* TodoListViewController.swift in Sources */ = {isa = PBXBuildFile; fileRef = 3E2CC44A29A77EF3005EB312 /* TodoListViewController.swift */; };
		3E2CC44D29A77F0A005EB312 /* TodoAddViewController.swift in Sources */ = {isa = PBXBuildFile; fileRef = 3E2CC44C29A77F0A005EB312 /* TodoAddViewController.swift */; };
		3E2CC44F29A77F18005EB312 /* TodoEditViewController.swift in Sources */ = {isa = PBXBuildFile; fileRef = 3E2CC44E29A77F18005EB312 /* TodoEditViewController.swift */; };
		6DF6F7F41E23E7F72B0D3CAF /* Pods_FirebaseTodoApp.framework in Frameworks */ = {isa = PBXBuildFile; fileRef = B2781FAAA848D76966DFE455 /* Pods_FirebaseTodoApp.framework */; };
/* End PBXBuildFile section */

/* Begin PBXFileReference section */
		3E1CDBEB29ACA947002731AF /* GoogleService-Info.plist */ = {isa = PBXFileReference; fileEncoding = 4; lastKnownFileType = text.plist.xml; path = "GoogleService-Info.plist"; sourceTree = "<group>"; };
		3E2CC43329A77E40005EB312 /* FirebaseTodoApp.app */ = {isa = PBXFileReference; explicitFileType = wrapper.application; includeInIndex = 0; path = FirebaseTodoApp.app; sourceTree = BUILT_PRODUCTS_DIR; };
		3E2CC43629A77E40005EB312 /* AppDelegate.swift */ = {isa = PBXFileReference; lastKnownFileType = sourcecode.swift; path = AppDelegate.swift; sourceTree = "<group>"; };
		3E2CC43829A77E40005EB312 /* SceneDelegate.swift */ = {isa = PBXFileReference; lastKnownFileType = sourcecode.swift; path = SceneDelegate.swift; sourceTree = "<group>"; };
		3E2CC43A29A77E40005EB312 /* ViewController.swift */ = {isa = PBXFileReference; lastKnownFileType = sourcecode.swift; path = ViewController.swift; sourceTree = "<group>"; };
		3E2CC43D29A77E40005EB312 /* Base */ = {isa = PBXFileReference; lastKnownFileType = file.storyboard; name = Base; path = Base.lproj/Main.storyboard; sourceTree = "<group>"; };
		3E2CC43F29A77E42005EB312 /* Assets.xcassets */ = {isa = PBXFileReference; lastKnownFileType = folder.assetcatalog; path = Assets.xcassets; sourceTree = "<group>"; };
		3E2CC44229A77E42005EB312 /* Base */ = {isa = PBXFileReference; lastKnownFileType = file.storyboard; name = Base; path = Base.lproj/LaunchScreen.storyboard; sourceTree = "<group>"; };
		3E2CC44429A77E42005EB312 /* Info.plist */ = {isa = PBXFileReference; lastKnownFileType = text.plist.xml; path = Info.plist; sourceTree = "<group>"; };
		3E2CC44A29A77EF3005EB312 /* TodoListViewController.swift */ = {isa = PBXFileReference; lastKnownFileType = sourcecode.swift; path = TodoListViewController.swift; sourceTree = "<group>"; };
		3E2CC44C29A77F0A005EB312 /* TodoAddViewController.swift */ = {isa = PBXFileReference; lastKnownFileType = sourcecode.swift; path = TodoAddViewController.swift; sourceTree = "<group>"; };
		3E2CC44E29A77F18005EB312 /* TodoEditViewController.swift */ = {isa = PBXFileReference; lastKnownFileType = sourcecode.swift; path = TodoEditViewController.swift; sourceTree = "<group>"; };
		6B4C37F706098B5F3082C387 /* Pods-FirebaseTodoApp.release.xcconfig */ = {isa = PBXFileReference; includeInIndex = 1; lastKnownFileType = text.xcconfig; name = "Pods-FirebaseTodoApp.release.xcconfig"; path = "Target Support Files/Pods-FirebaseTodoApp/Pods-FirebaseTodoApp.release.xcconfig"; sourceTree = "<group>"; };
		969DE3C9BFB7B893FEF7EBD2 /* Pods-FirebaseTodoApp.debug.xcconfig */ = {isa = PBXFileReference; includeInIndex = 1; lastKnownFileType = text.xcconfig; name = "Pods-FirebaseTodoApp.debug.xcconfig"; path = "Target Support Files/Pods-FirebaseTodoApp/Pods-FirebaseTodoApp.debug.xcconfig"; sourceTree = "<group>"; };
		B2781FAAA848D76966DFE455 /* Pods_FirebaseTodoApp.framework */ = {isa = PBXFileReference; explicitFileType = wrapper.framework; includeInIndex = 0; path = Pods_FirebaseTodoApp.framework; sourceTree = BUILT_PRODUCTS_DIR; };
/* End PBXFileReference section */

/* Begin PBXFrameworksBuildPhase section */
		3E2CC43029A77E40005EB312 /* Frameworks */ = {
			isa = PBXFrameworksBuildPhase;
			buildActionMask = 2147483647;
			files = (
				6DF6F7F41E23E7F72B0D3CAF /* Pods_FirebaseTodoApp.framework in Frameworks */,
			);
			runOnlyForDeploymentPostprocessing = 0;
		};
/* End PBXFrameworksBuildPhase section */

/* Begin PBXGroup section */
		3E2CC42A29A77E40005EB312 = {
			isa = PBXGroup;
			children = (
				3E2CC43529A77E40005EB312 /* FirebaseTodoApp */,
				3E2CC43429A77E40005EB312 /* Products */,
				84F71BE2C7F3BDC816765B0B /* Pods */,
				D2985376F3A6E567F181A302 /* Frameworks */,
			);
			sourceTree = "<group>";
		};
		3E2CC43429A77E40005EB312 /* Products */ = {
			isa = PBXGroup;
			children = (
				3E2CC43329A77E40005EB312 /* FirebaseTodoApp.app */,
			);
			name = Products;
			sourceTree = "<group>";
		};
		3E2CC43529A77E40005EB312 /* FirebaseTodoApp */ = {
			isa = PBXGroup;
			children = (
				3E2CC43629A77E40005EB312 /* AppDelegate.swift */,
				3E2CC43829A77E40005EB312 /* SceneDelegate.swift */,
				3E2CC44A29A77EF3005EB312 /* TodoListViewController.swift */,
				3E2CC44C29A77F0A005EB312 /* TodoAddViewController.swift */,
				3E2CC44E29A77F18005EB312 /* TodoEditViewController.swift */,
				3E2CC43A29A77E40005EB312 /* ViewController.swift */,
				3E2CC43C29A77E40005EB312 /* Main.storyboard */,
				3E2CC43F29A77E42005EB312 /* Assets.xcassets */,
				3E2CC44129A77E42005EB312 /* LaunchScreen.storyboard */,
				3E2CC44429A77E42005EB312 /* Info.plist */,
				3E1CDBEB29ACA947002731AF /* GoogleService-Info.plist */,
			);
			path = FirebaseTodoApp;
			sourceTree = "<group>";
		};
		84F71BE2C7F3BDC816765B0B /* Pods */ = {
			isa = PBXGroup;
			children = (
				969DE3C9BFB7B893FEF7EBD2 /* Pods-FirebaseTodoApp.debug.xcconfig */,
				6B4C37F706098B5F3082C387 /* Pods-FirebaseTodoApp.release.xcconfig */,
			);
			path = Pods;
			sourceTree = "<group>";
		};
		D2985376F3A6E567F181A302 /* Frameworks */ = {
			isa = PBXGroup;
			children = (
				B2781FAAA848D76966DFE455 /* Pods_FirebaseTodoApp.framework */,
			);
			name = Frameworks;
			sourceTree = "<group>";
		};
/* End PBXGroup section */

/* Begin PBXNativeTarget section */
		3E2CC43229A77E40005EB312 /* FirebaseTodoApp */ = {
			isa = PBXNativeTarget;
			buildConfigurationList = 3E2CC44729A77E42005EB312 /* Build configuration list for PBXNativeTarget "FirebaseTodoApp" */;
			buildPhases = (
				DA366451A51BB2734F3B9E03 /* [CP] Check Pods Manifest.lock */,
				3E2CC42F29A77E40005EB312 /* Sources */,
				3E2CC43029A77E40005EB312 /* Frameworks */,
				3E2CC43129A77E40005EB312 /* Resources */,
				9629A25DB26257C546C28502 /* [CP] Embed Pods Frameworks */,
			);
			buildRules = (
			);
			dependencies = (
			);
			name = FirebaseTodoApp;
			packageProductDependencies = (
			);
			productName = FirebaseTodoApp;
			productReference = 3E2CC43329A77E40005EB312 /* FirebaseTodoApp.app */;
			productType = "com.apple.product-type.application";
		};
/* End PBXNativeTarget section */

/* Begin PBXProject section */
		3E2CC42B29A77E40005EB312 /* Project object */ = {
			isa = PBXProject;
			attributes = {
				BuildIndependentTargetsInParallel = 1;
				LastSwiftUpdateCheck = 1420;
				LastUpgradeCheck = 1420;
				TargetAttributes = {
					3E2CC43229A77E40005EB312 = {
						CreatedOnToolsVersion = 14.2;
					};
				};
			};
			buildConfigurationList = 3E2CC42E29A77E40005EB312 /* Build configuration list for PBXProject "FirebaseTodoApp" */;
			compatibilityVersion = "Xcode 14.0";
			developmentRegion = en;
			hasScannedForEncodings = 0;
			knownRegions = (
				en,
				Base,
			);
			mainGroup = 3E2CC42A29A77E40005EB312;
			packageReferences = (
			);
			productRefGroup = 3E2CC43429A77E40005EB312 /* Products */;
			projectDirPath = "";
			projectRoot = "";
			targets = (
				3E2CC43229A77E40005EB312 /* FirebaseTodoApp */,
			);
		};
/* End PBXProject section */

/* Begin PBXResourcesBuildPhase section */
		3E2CC43129A77E40005EB312 /* Resources */ = {
			isa = PBXResourcesBuildPhase;
			buildActionMask = 2147483647;
			files = (
				3E2CC44329A77E42005EB312 /* LaunchScreen.storyboard in Resources */,
				3E1CDBEC29ACA947002731AF /* GoogleService-Info.plist in Resources */,
				3E2CC44029A77E42005EB312 /* Assets.xcassets in Resources */,
				3E2CC43E29A77E40005EB312 /* Main.storyboard in Resources */,
			);
			runOnlyForDeploymentPostprocessing = 0;
		};
/* End PBXResourcesBuildPhase section */

/* Begin PBXShellScriptBuildPhase section */
		9629A25DB26257C546C28502 /* [CP] Embed Pods Frameworks */ = {
			isa = PBXShellScriptBuildPhase;
			buildActionMask = 2147483647;
			files = (
			);
			inputFileListPaths = (
				"${PODS_ROOT}/Target Support Files/Pods-FirebaseTodoApp/Pods-FirebaseTodoApp-frameworks-${CONFIGURATION}-input-files.xcfilelist",
			);
			name = "[CP] Embed Pods Frameworks";
			outputFileListPaths = (
				"${PODS_ROOT}/Target Support Files/Pods-FirebaseTodoApp/Pods-FirebaseTodoApp-frameworks-${CONFIGURATION}-output-files.xcfilelist",
			);
			runOnlyForDeploymentPostprocessing = 0;
			shellPath = /bin/sh;
			shellScript = "\"${PODS_ROOT}/Target Support Files/Pods-FirebaseTodoApp/Pods-FirebaseTodoApp-frameworks.sh\"\n";
			showEnvVarsInLog = 0;
		};
		DA366451A51BB2734F3B9E03 /* [CP] Check Pods Manifest.lock */ = {
			isa = PBXShellScriptBuildPhase;
			buildActionMask = 2147483647;
			files = (
			);
			inputFileListPaths = (
			);
			inputPaths = (
				"${PODS_PODFILE_DIR_PATH}/Podfile.lock",
				"${PODS_ROOT}/Manifest.lock",
			);
			name = "[CP] Check Pods Manifest.lock";
			outputFileListPaths = (
			);
			outputPaths = (
				"$(DERIVED_FILE_DIR)/Pods-FirebaseTodoApp-checkManifestLockResult.txt",
			);
			runOnlyForDeploymentPostprocessing = 0;
			shellPath = /bin/sh;
			shellScript = "diff \"${PODS_PODFILE_DIR_PATH}/Podfile.lock\" \"${PODS_ROOT}/Manifest.lock\" > /dev/null\nif [ $? != 0 ] ; then\n    # print error to STDERR\n    echo \"error: The sandbox is not in sync with the Podfile.lock. Run 'pod install' or update your CocoaPods installation.\" >&2\n    exit 1\nfi\n# This output is used by Xcode 'outputs' to avoid re-running this script phase.\necho \"SUCCESS\" > \"${SCRIPT_OUTPUT_FILE_0}\"\n";
			showEnvVarsInLog = 0;
		};
/* End PBXShellScriptBuildPhase section */

/* Begin PBXSourcesBuildPhase section */
		3E2CC42F29A77E40005EB312 /* Sources */ = {
			isa = PBXSourcesBuildPhase;
			buildActionMask = 2147483647;
			files = (
				3E2CC44B29A77EF3005EB312 /* TodoListViewController.swift in Sources */,
				3E2CC43B29A77E40005EB312 /* ViewController.swift in Sources */,
				3E2CC44D29A77F0A005EB312 /* TodoAddViewController.swift in Sources */,
				3E2CC43729A77E40005EB312 /* AppDelegate.swift in Sources */,
				3E2CC44F29A77F18005EB312 /* TodoEditViewController.swift in Sources */,
				3E2CC43929A77E40005EB312 /* SceneDelegate.swift in Sources */,
			);
			runOnlyForDeploymentPostprocessing = 0;
		};
/* End PBXSourcesBuildPhase section */

/* Begin PBXVariantGroup section */
		3E2CC43C29A77E40005EB312 /* Main.storyboard */ = {
			isa = PBXVariantGroup;
			children = (
				3E2CC43D29A77E40005EB312 /* Base */,
			);
			name = Main.storyboard;
			sourceTree = "<group>";
		};
		3E2CC44129A77E42005EB312 /* LaunchScreen.storyboard */ = {
			isa = PBXVariantGroup;
			children = (
				3E2CC44229A77E42005EB312 /* Base */,
			);
			name = LaunchScreen.storyboard;
			sourceTree = "<group>";
		};
/* End PBXVariantGroup section */

/* Begin XCBuildConfiguration section */
		3E2CC44529A77E42005EB312 /* Debug */ = {
			isa = XCBuildConfiguration;
			buildSettings = {
				ALWAYS_SEARCH_USER_PATHS = NO;
				CLANG_ANALYZER_NONNULL = YES;
				CLANG_ANALYZER_NUMBER_OBJECT_CONVERSION = YES_AGGRESSIVE;
				CLANG_CXX_LANGUAGE_STANDARD = "gnu++20";
				CLANG_ENABLE_MODULES = YES;
				CLANG_ENABLE_OBJC_ARC = YES;
				CLANG_ENABLE_OBJC_WEAK = YES;
				CLANG_WARN_BLOCK_CAPTURE_AUTORELEASING = YES;
				CLANG_WARN_BOOL_CONVERSION = YES;
				CLANG_WARN_COMMA = YES;
				CLANG_WARN_CONSTANT_CONVERSION = YES;
				CLANG_WARN_DEPRECATED_OBJC_IMPLEMENTATIONS = YES;
				CLANG_WARN_DIRECT_OBJC_ISA_USAGE = YES_ERROR;
				CLANG_WARN_DOCUMENTATION_COMMENTS = YES;
				CLANG_WARN_EMPTY_BODY = YES;
				CLANG_WARN_ENUM_CONVERSION = YES;
				CLANG_WARN_INFINITE_RECURSION = YES;
				CLANG_WARN_INT_CONVERSION = YES;
				CLANG_WARN_NON_LITERAL_NULL_CONVERSION = YES;
				CLANG_WARN_OBJC_IMPLICIT_RETAIN_SELF = YES;
				CLANG_WARN_OBJC_LITERAL_CONVERSION = YES;
				CLANG_WARN_OBJC_ROOT_CLASS = YES_ERROR;
				CLANG_WARN_QUOTED_INCLUDE_IN_FRAMEWORK_HEADER = YES;
				CLANG_WARN_RANGE_LOOP_ANALYSIS = YES;
				CLANG_WARN_STRICT_PROTOTYPES = YES;
				CLANG_WARN_SUSPICIOUS_MOVE = YES;
				CLANG_WARN_UNGUARDED_AVAILABILITY = YES_AGGRESSIVE;
				CLANG_WARN_UNREACHABLE_CODE = YES;
				CLANG_WARN__DUPLICATE_METHOD_MATCH = YES;
				COPY_PHASE_STRIP = NO;
				DEBUG_INFORMATION_FORMAT = dwarf;
				ENABLE_STRICT_OBJC_MSGSEND = YES;
				ENABLE_TESTABILITY = YES;
				GCC_C_LANGUAGE_STANDARD = gnu11;
				GCC_DYNAMIC_NO_PIC = NO;
				GCC_NO_COMMON_BLOCKS = YES;
				GCC_OPTIMIZATION_LEVEL = 0;
				GCC_PREPROCESSOR_DEFINITIONS = (
					"DEBUG=1",
					"$(inherited)",
				);
				GCC_WARN_64_TO_32_BIT_CONVERSION = YES;
				GCC_WARN_ABOUT_RETURN_TYPE = YES_ERROR;
				GCC_WARN_UNDECLARED_SELECTOR = YES;
				GCC_WARN_UNINITIALIZED_AUTOS = YES_AGGRESSIVE;
				GCC_WARN_UNUSED_FUNCTION = YES;
				GCC_WARN_UNUSED_VARIABLE = YES;
				IPHONEOS_DEPLOYMENT_TARGET = 16.2;
				MTL_ENABLE_DEBUG_INFO = INCLUDE_SOURCE;
				MTL_FAST_MATH = YES;
				ONLY_ACTIVE_ARCH = YES;
				SDKROOT = iphoneos;
				SWIFT_ACTIVE_COMPILATION_CONDITIONS = DEBUG;
				SWIFT_OPTIMIZATION_LEVEL = "-Onone";
			};
			name = Debug;
		};
		3E2CC44629A77E42005EB312 /* Release */ = {
			isa = XCBuildConfiguration;
			buildSettings = {
				ALWAYS_SEARCH_USER_PATHS = NO;
				CLANG_ANALYZER_NONNULL = YES;
				CLANG_ANALYZER_NUMBER_OBJECT_CONVERSION = YES_AGGRESSIVE;
				CLANG_CXX_LANGUAGE_STANDARD = "gnu++20";
				CLANG_ENABLE_MODULES = YES;
				CLANG_ENABLE_OBJC_ARC = YES;
				CLANG_ENABLE_OBJC_WEAK = YES;
				CLANG_WARN_BLOCK_CAPTURE_AUTORELEASING = YES;
				CLANG_WARN_BOOL_CONVERSION = YES;
				CLANG_WARN_COMMA = YES;
				CLANG_WARN_CONSTANT_CONVERSION = YES;
				CLANG_WARN_DEPRECATED_OBJC_IMPLEMENTATIONS = YES;
				CLANG_WARN_DIRECT_OBJC_ISA_USAGE = YES_ERROR;
				CLANG_WARN_DOCUMENTATION_COMMENTS = YES;
				CLANG_WARN_EMPTY_BODY = YES;
				CLANG_WARN_ENUM_CONVERSION = YES;
				CLANG_WARN_INFINITE_RECURSION = YES;
				CLANG_WARN_INT_CONVERSION = YES;
				CLANG_WARN_NON_LITERAL_NULL_CONVERSION = YES;
				CLANG_WARN_OBJC_IMPLICIT_RETAIN_SELF = YES;
				CLANG_WARN_OBJC_LITERAL_CONVERSION = YES;
				CLANG_WARN_OBJC_ROOT_CLASS = YES_ERROR;
				CLANG_WARN_QUOTED_INCLUDE_IN_FRAMEWORK_HEADER = YES;
				CLANG_WARN_RANGE_LOOP_ANALYSIS = YES;
				CLANG_WARN_STRICT_PROTOTYPES = YES;
				CLANG_WARN_SUSPICIOUS_MOVE = YES;
				CLANG_WARN_UNGUARDED_AVAILABILITY = YES_AGGRESSIVE;
				CLANG_WARN_UNREACHABLE_CODE = YES;
				CLANG_WARN__DUPLICATE_METHOD_MATCH = YES;
				COPY_PHASE_STRIP = NO;
				DEBUG_INFORMATION_FORMAT = "dwarf-with-dsym";
				ENABLE_NS_ASSERTIONS = NO;
				ENABLE_STRICT_OBJC_MSGSEND = YES;
				GCC_C_LANGUAGE_STANDARD = gnu11;
				GCC_NO_COMMON_BLOCKS = YES;
				GCC_WARN_64_TO_32_BIT_CONVERSION = YES;
				GCC_WARN_ABOUT_RETURN_TYPE = YES_ERROR;
				GCC_WARN_UNDECLARED_SELECTOR = YES;
				GCC_WARN_UNINITIALIZED_AUTOS = YES_AGGRESSIVE;
				GCC_WARN_UNUSED_FUNCTION = YES;
				GCC_WARN_UNUSED_VARIABLE = YES;
				IPHONEOS_DEPLOYMENT_TARGET = 16.2;
				MTL_ENABLE_DEBUG_INFO = NO;
				MTL_FAST_MATH = YES;
				SDKROOT = iphoneos;
				SWIFT_COMPILATION_MODE = wholemodule;
				SWIFT_OPTIMIZATION_LEVEL = "-O";
				VALIDATE_PRODUCT = YES;
			};
			name = Release;
		};
		3E2CC44829A77E42005EB312 /* Debug */ = {
			isa = XCBuildConfiguration;
			baseConfigurationReference = 969DE3C9BFB7B893FEF7EBD2 /* Pods-FirebaseTodoApp.debug.xcconfig */;
			buildSettings = {
				ASSETCATALOG_COMPILER_APPICON_NAME = AppIcon;
				ASSETCATALOG_COMPILER_GLOBAL_ACCENT_COLOR_NAME = AccentColor;
				CODE_SIGN_STYLE = Automatic;
				CURRENT_PROJECT_VERSION = 1;
				DEVELOPMENT_TEAM = 7FHY9673Y8;
				GENERATE_INFOPLIST_FILE = YES;
				INFOPLIST_FILE = FirebaseTodoApp/Info.plist;
				INFOPLIST_KEY_UIApplicationSupportsIndirectInputEvents = YES;
				INFOPLIST_KEY_UILaunchStoryboardName = LaunchScreen;
				INFOPLIST_KEY_UIMainStoryboardFile = Main;
				INFOPLIST_KEY_UISupportedInterfaceOrientations_iPad = "UIInterfaceOrientationPortrait UIInterfaceOrientationPortraitUpsideDown UIInterfaceOrientationLandscapeLeft UIInterfaceOrientationLandscapeRight";
				INFOPLIST_KEY_UISupportedInterfaceOrientations_iPhone = "UIInterfaceOrientationPortrait UIInterfaceOrientationLandscapeLeft UIInterfaceOrientationLandscapeRight";
				LD_RUNPATH_SEARCH_PATHS = (
					"$(inherited)",
					"@executable_path/Frameworks",
				);
				MARKETING_VERSION = 1.0;
				PRODUCT_BUNDLE_IDENTIFIER = com.yasunari.FirebaseTodoApp;
				PRODUCT_NAME = "$(TARGET_NAME)";
				SWIFT_EMIT_LOC_STRINGS = YES;
				SWIFT_VERSION = 5.0;
				TARGETED_DEVICE_FAMILY = "1,2";
			};
			name = Debug;
		};
		3E2CC44929A77E42005EB312 /* Release */ = {
			isa = XCBuildConfiguration;
			baseConfigurationReference = 6B4C37F706098B5F3082C387 /* Pods-FirebaseTodoApp.release.xcconfig */;
			buildSettings = {
				ASSETCATALOG_COMPILER_APPICON_NAME = AppIcon;
				ASSETCATALOG_COMPILER_GLOBAL_ACCENT_COLOR_NAME = AccentColor;
				CODE_SIGN_STYLE = Automatic;
				CURRENT_PROJECT_VERSION = 1;
				DEVELOPMENT_TEAM = 7FHY9673Y8;
				GENERATE_INFOPLIST_FILE = YES;
				INFOPLIST_FILE = FirebaseTodoApp/Info.plist;
				INFOPLIST_KEY_UIApplicationSupportsIndirectInputEvents = YES;
				INFOPLIST_KEY_UILaunchStoryboardName = LaunchScreen;
				INFOPLIST_KEY_UIMainStoryboardFile = Main;
				INFOPLIST_KEY_UISupportedInterfaceOrientations_iPad = "UIInterfaceOrientationPortrait UIInterfaceOrientationPortraitUpsideDown UIInterfaceOrientationLandscapeLeft UIInterfaceOrientationLandscapeRight";
				INFOPLIST_KEY_UISupportedInterfaceOrientations_iPhone = "UIInterfaceOrientationPortrait UIInterfaceOrientationLandscapeLeft UIInterfaceOrientationLandscapeRight";
				LD_RUNPATH_SEARCH_PATHS = (
					"$(inherited)",
					"@executable_path/Frameworks",
				);
				MARKETING_VERSION = 1.0;
				PRODUCT_BUNDLE_IDENTIFIER = com.yasunari.FirebaseTodoApp;
				PRODUCT_NAME = "$(TARGET_NAME)";
				SWIFT_EMIT_LOC_STRINGS = YES;
				SWIFT_VERSION = 5.0;
				TARGETED_DEVICE_FAMILY = "1,2";
			};
			name = Release;
		};
/* End XCBuildConfiguration section */

/* Begin XCConfigurationList section */
		3E2CC42E29A77E40005EB312 /* Build configuration list for PBXProject "FirebaseTodoApp" */ = {
			isa = XCConfigurationList;
			buildConfigurations = (
				3E2CC44529A77E42005EB312 /* Debug */,
				3E2CC44629A77E42005EB312 /* Release */,
			);
			defaultConfigurationIsVisible = 0;
			defaultConfigurationName = Release;
		};
		3E2CC44729A77E42005EB312 /* Build configuration list for PBXNativeTarget "FirebaseTodoApp" */ = {
			isa = XCConfigurationList;
			buildConfigurations = (
				3E2CC44829A77E42005EB312 /* Debug */,
				3E2CC44929A77E42005EB312 /* Release */,
			);
			defaultConfigurationIsVisible = 0;
			defaultConfigurationName = Release;
		};
/* End XCConfigurationList section */
	};
	rootObject = 3E2CC42B29A77E40005EB312 /* Project object */;
}
